
Microsoft Visual Studio Solution File, Format Version 12.00
# Visual Studio Version 16
VisualStudioVersion = 16.0.31702.278
MinimumVisualStudioVersion = 10.0.40219.1
Project("{FAE04EC0-301F-11D3-BF4B-00C04F79EFBC}") = "WindowsFormsApp2", "WindowsFormsApp2\WindowsFormsApp2.csproj", "{D546C05B-DE35-4A6E-BA78-A69943858D92}"
EndProject
Global
	GlobalSection(SolutionConfigurationPlatforms) = preSolution
		Debug|Any CPU = Debug|Any CPU
		Release|Any CPU = Release|Any CPU
	EndGlobalSection
	GlobalSection(ProjectConfigurationPlatforms) = postSolution
		{D546C05B-DE35-4A6E-BA78-A69943858D92}.Debug|Any CPU.ActiveCfg = Debug|Any CPU
		{D546C05B-DE35-4A6E-BA78-A69943858D92}.Debug|Any CPU.Build.0 = Debug|Any CPU
		{D546C05B-DE35-4A6E-BA78-A69943858D92}.Release|Any CPU.ActiveCfg = Release|Any CPU
		{D546C05B-DE35-4A6E-BA78-A69943858D92}.Release|Any CPU.Build.0 = Release|Any CPU
	EndGlobalSection
	GlobalSection(SolutionProperties) = preSolution
		HideSolutionNode = FALSE
	EndGlobalSection
	GlobalSection(ExtensibilityGlobals) = postSolution
		SolutionGuid = {636E85A1-77F2-4E91-A62B-07DB30E982E1}
	EndGlobalSection
EndGlobal
